
Microsoft Visual Studio Solution File, Format Version 12.00
# Visual Studio 2012
# zahid
Project("{FAE04EC0-301F-11D3-BF4B-00C04F79EFBC}") = "ZmyStore", "ZmyStore\ZmyStore.csproj", "{3AD3BF3C-4C55-4D61-99B0-DE999DBBC5FB}"
EndProject
Global
	GlobalSection(SolutionConfigurationPlatforms) = preSolution
		Debug|Any CPU = Debug|Any CPU
		Release|Any CPU = Release|Any CPU
	EndGlobalSection
	GlobalSection(ProjectConfigurationPlatforms) = postSolution
		{3AD3BF3C-4C55-4D61-99B0-DE999DBBC5FB}.Debug|Any CPU.ActiveCfg = Debug|Any CPU
		{3AD3BF3C-4C55-4D61-99B0-DE999DBBC5FB}.Debug|Any CPU.Build.0 = Debug|Any CPU
		{3AD3BF3C-4C55-4D61-99B0-DE999DBBC5FB}.Release|Any CPU.ActiveCfg = Release|Any CPU
		{3AD3BF3C-4C55-4D61-99B0-DE999DBBC5FB}.Release|Any CPU.Build.0 = Release|Any CPU
	EndGlobalSection
	GlobalSection(SolutionProperties) = preSolution
		HideSolutionNode = FALSE
	EndGlobalSection
EndGlobal
